<Solution>
  <Configurations>
    <BuildType Name="Debug" />
    <BuildType Name="Release" />
    <BuildType Name="Test" />
  </Configurations>
  <Folder Name="/src/">
    <Project Path="src/Api/Api.csproj">
      <BuildType Solution="Test|*" Project="Release" />
      <Build Solution="Test|*" Project="false" />
    </Project>
    <Project Path="src/Application/Application.csproj" Id="e360eff3-2423-4980-bce8-06b20fe141d3">
      <BuildType Solution="Test|*" Project="Release" />
    </Project>
    <Project Path="src/Domain/Domain.csproj">
      <BuildType Solution="Test|*" Project="Release" />
    </Project>
    <Project Path="src/Infrastructure/Infrastructure.csproj">
      <BuildType Solution="Test|*" Project="Release" />
      <Build Solution="Test|*" Project="false" />
    </Project>
  </Folder>
  <Folder Name="/tests/">
    <Project Path="tests/Application.Tests/Application.Tests.csproj" Id="552dcf9f-7ae3-446e-99c1-39ad05671f12">
      <BuildType Solution="Test|*" Project="Release" />
      <Build Solution="Debug|*" Project="false" />
    </Project>
    <Project Path="tests/Domain.Tests/Domain.Tests.csproj" Id="cf6dbe35-f365-4f26-934e-4583660505e8">
      <BuildType Solution="Test|*" Project="Release" />
      <Build Solution="Debug|*" Project="false" />
    </Project>
  </Folder>
  <Project Path="docker-compose.dcproj">
    <BuildType Solution="Test|*" Project="Release" />
    <Build />
  </Project>
</Solution>
